// !$*UTF8*$!
{
	archiveVersion = 1;
	classes = {
	};
	objectVersion = 56;
	objects = {

/* Begin PBXBuildFile section */
		A904400A2B5C2FEA0093AE3A /* EditSessionView.swift in Sources */ = {isa = PBXBuildFile; fileRef = A90440092B5C2FEA0093AE3A /* EditSessionView.swift */; };
		A904400C2B5C67DF0093AE3A /* ShotListingView.swift in Sources */ = {isa = PBXBuildFile; fileRef = A904400B2B5C67DF0093AE3A /* ShotListingView.swift */; };
		A904400E2B5D14940093AE3A /* AppConstants.swift in Sources */ = {isa = PBXBuildFile; fileRef = A904400D2B5D14940093AE3A /* AppConstants.swift */; };
		A90440102B5D1F1E0093AE3A /* OverviewView.swift in Sources */ = {isa = PBXBuildFile; fileRef = A904400F2B5D1F1E0093AE3A /* OverviewView.swift */; };
		A90440122B5D221D0093AE3A /* StatsView.swift in Sources */ = {isa = PBXBuildFile; fileRef = A90440112B5D221D0093AE3A /* StatsView.swift */; };
		A90440172B5D55A90093AE3A /* StatsOverviewView.swift in Sources */ = {isa = PBXBuildFile; fileRef = A90440162B5D55A90093AE3A /* StatsOverviewView.swift */; };
		A96F52AD2B67ED7F0070F65F /* EditSerieView.swift in Sources */ = {isa = PBXBuildFile; fileRef = A96F52AC2B67ED7F0070F65F /* EditSerieView.swift */; };
		A96F52B22B6D468C0070F65F /* CheckBoxToggleStyle.swift in Sources */ = {isa = PBXBuildFile; fileRef = A96F52B12B6D468C0070F65F /* CheckBoxToggleStyle.swift */; };
		A9818E042B5BF175007BA5CB /* ShotLogApp.swift in Sources */ = {isa = PBXBuildFile; fileRef = A9818E032B5BF175007BA5CB /* ShotLogApp.swift */; };
		A9818E062B5BF175007BA5CB /* ContentView.swift in Sources */ = {isa = PBXBuildFile; fileRef = A9818E052B5BF175007BA5CB /* ContentView.swift */; };
		A9818E082B5BF177007BA5CB /* Assets.xcassets in Resources */ = {isa = PBXBuildFile; fileRef = A9818E072B5BF177007BA5CB /* Assets.xcassets */; };
		A9818E0B2B5BF177007BA5CB /* Preview Assets.xcassets in Resources */ = {isa = PBXBuildFile; fileRef = A9818E0A2B5BF177007BA5CB /* Preview Assets.xcassets */; };
		A9818E122B5BF21A007BA5CB /* Session.swift in Sources */ = {isa = PBXBuildFile; fileRef = A9818E112B5BF21A007BA5CB /* Session.swift */; };
		A99CED1A2B61938200CD2853 /* Serie.swift in Sources */ = {isa = PBXBuildFile; fileRef = A99CED192B61938200CD2853 /* Serie.swift */; };
		A99CED1C2B6193C900CD2853 /* Schuss.swift in Sources */ = {isa = PBXBuildFile; fileRef = A99CED1B2B6193C900CD2853 /* Schuss.swift */; };
/* End PBXBuildFile section */

/* Begin PBXFileReference section */
		A90440092B5C2FEA0093AE3A /* EditSessionView.swift */ = {isa = PBXFileReference; lastKnownFileType = sourcecode.swift; path = EditSessionView.swift; sourceTree = "<group>"; };
		A904400B2B5C67DF0093AE3A /* ShotListingView.swift */ = {isa = PBXFileReference; lastKnownFileType = sourcecode.swift; path = ShotListingView.swift; sourceTree = "<group>"; };
		A904400D2B5D14940093AE3A /* AppConstants.swift */ = {isa = PBXFileReference; lastKnownFileType = sourcecode.swift; path = AppConstants.swift; sourceTree = "<group>"; };
		A904400F2B5D1F1E0093AE3A /* OverviewView.swift */ = {isa = PBXFileReference; lastKnownFileType = sourcecode.swift; path = OverviewView.swift; sourceTree = "<group>"; };
		A90440112B5D221D0093AE3A /* StatsView.swift */ = {isa = PBXFileReference; lastKnownFileType = sourcecode.swift; path = StatsView.swift; sourceTree = "<group>"; };
		A90440162B5D55A90093AE3A /* StatsOverviewView.swift */ = {isa = PBXFileReference; lastKnownFileType = sourcecode.swift; path = StatsOverviewView.swift; sourceTree = "<group>"; };
		A96F52AC2B67ED7F0070F65F /* EditSerieView.swift */ = {isa = PBXFileReference; lastKnownFileType = sourcecode.swift; path = EditSerieView.swift; sourceTree = "<group>"; };
		A96F52B12B6D468C0070F65F /* CheckBoxToggleStyle.swift */ = {isa = PBXFileReference; lastKnownFileType = sourcecode.swift; path = CheckBoxToggleStyle.swift; sourceTree = "<group>"; };
		A9818E002B5BF175007BA5CB /* ShotLog.app */ = {isa = PBXFileReference; explicitFileType = wrapper.application; includeInIndex = 0; path = ShotLog.app; sourceTree = BUILT_PRODUCTS_DIR; };
		A9818E032B5BF175007BA5CB /* ShotLogApp.swift */ = {isa = PBXFileReference; lastKnownFileType = sourcecode.swift; path = ShotLogApp.swift; sourceTree = "<group>"; };
		A9818E052B5BF175007BA5CB /* ContentView.swift */ = {isa = PBXFileReference; lastKnownFileType = sourcecode.swift; path = ContentView.swift; sourceTree = "<group>"; };
		A9818E072B5BF177007BA5CB /* Assets.xcassets */ = {isa = PBXFileReference; lastKnownFileType = folder.assetcatalog; path = Assets.xcassets; sourceTree = "<group>"; };
		A9818E0A2B5BF177007BA5CB /* Preview Assets.xcassets */ = {isa = PBXFileReference; lastKnownFileType = folder.assetcatalog; path = "Preview Assets.xcassets"; sourceTree = "<group>"; };
		A9818E112B5BF21A007BA5CB /* Session.swift */ = {isa = PBXFileReference; lastKnownFileType = sourcecode.swift; path = Session.swift; sourceTree = "<group>"; };
		A99CED192B61938200CD2853 /* Serie.swift */ = {isa = PBXFileReference; lastKnownFileType = sourcecode.swift; path = Serie.swift; sourceTree = "<group>"; };
		A99CED1B2B6193C900CD2853 /* Schuss.swift */ = {isa = PBXFileReference; lastKnownFileType = sourcecode.swift; path = Schuss.swift; sourceTree = "<group>"; };
/* End PBXFileReference section */

/* Begin PBXFrameworksBuildPhase section */
		A9818DFD2B5BF175007BA5CB /* Frameworks */ = {
			isa = PBXFrameworksBuildPhase;
			buildActionMask = 2147483647;
			files = (
			);
			runOnlyForDeploymentPostprocessing = 0;
		};
/* End PBXFrameworksBuildPhase section */

/* Begin PBXGroup section */
		A90440132B5D2CB80093AE3A /* Overview */ = {
			isa = PBXGroup;
			children = (
				A904400F2B5D1F1E0093AE3A /* OverviewView.swift */,
				A904400B2B5C67DF0093AE3A /* ShotListingView.swift */,
				A90440092B5C2FEA0093AE3A /* EditSessionView.swift */,
				A96F52AC2B67ED7F0070F65F /* EditSerieView.swift */,
			);
			path = Overview;
			sourceTree = "<group>";
		};
		A90440142B5D2CDF0093AE3A /* Models */ = {
			isa = PBXGroup;
			children = (
				A9818E112B5BF21A007BA5CB /* Session.swift */,
				A99CED192B61938200CD2853 /* Serie.swift */,
				A99CED1B2B6193C900CD2853 /* Schuss.swift */,
			);
			path = Models;
			sourceTree = "<group>";
		};
		A90440152B5D46C60093AE3A /* StatsView */ = {
			isa = PBXGroup;
			children = (
				A90440112B5D221D0093AE3A /* StatsView.swift */,
				A90440162B5D55A90093AE3A /* StatsOverviewView.swift */,
			);
			path = StatsView;
			sourceTree = "<group>";
		};
		A96F52B02B6D46670070F65F /* Elements */ = {
			isa = PBXGroup;
			children = (
				A96F52B12B6D468C0070F65F /* CheckBoxToggleStyle.swift */,
			);
			path = Elements;
			sourceTree = "<group>";
		};
		A9818DF72B5BF175007BA5CB = {
			isa = PBXGroup;
			children = (
				A9818E022B5BF175007BA5CB /* ShotLog */,
				A9818E012B5BF175007BA5CB /* Products */,
			);
			sourceTree = "<group>";
		};
		A9818E012B5BF175007BA5CB /* Products */ = {
			isa = PBXGroup;
			children = (
				A9818E002B5BF175007BA5CB /* ShotLog.app */,
			);
			name = Products;
			sourceTree = "<group>";
		};
		A9818E022B5BF175007BA5CB /* ShotLog */ = {
			isa = PBXGroup;
			children = (
				A96F52B02B6D46670070F65F /* Elements */,
				A90440152B5D46C60093AE3A /* StatsView */,
				A90440142B5D2CDF0093AE3A /* Models */,
				A90440132B5D2CB80093AE3A /* Overview */,
				A9818E032B5BF175007BA5CB /* ShotLogApp.swift */,
				A9818E052B5BF175007BA5CB /* ContentView.swift */,
				A9818E072B5BF177007BA5CB /* Assets.xcassets */,
				A9818E092B5BF177007BA5CB /* Preview Content */,
				A904400D2B5D14940093AE3A /* AppConstants.swift */,
			);
			path = ShotLog;
			sourceTree = "<group>";
		};
		A9818E092B5BF177007BA5CB /* Preview Content */ = {
			isa = PBXGroup;
			children = (
				A9818E0A2B5BF177007BA5CB /* Preview Assets.xcassets */,
			);
			path = "Preview Content";
			sourceTree = "<group>";
		};
/* End PBXGroup section */

/* Begin PBXNativeTarget section */
		A9818DFF2B5BF175007BA5CB /* ShotLog */ = {
			isa = PBXNativeTarget;
			buildConfigurationList = A9818E0E2B5BF177007BA5CB /* Build configuration list for PBXNativeTarget "ShotLog" */;
			buildPhases = (
				A9818DFC2B5BF175007BA5CB /* Sources */,
				A9818DFD2B5BF175007BA5CB /* Frameworks */,
				A9818DFE2B5BF175007BA5CB /* Resources */,
			);
			buildRules = (
			);
			dependencies = (
			);
			name = ShotLog;
			productName = ShotLog;
			productReference = A9818E002B5BF175007BA5CB /* ShotLog.app */;
			productType = "com.apple.product-type.application";
		};
/* End PBXNativeTarget section */

/* Begin PBXProject section */
		A9818DF82B5BF175007BA5CB /* Project object */ = {
			isa = PBXProject;
			attributes = {
				BuildIndependentTargetsInParallel = 1;
				LastSwiftUpdateCheck = 1500;
				LastUpgradeCheck = 1500;
				TargetAttributes = {
					A9818DFF2B5BF175007BA5CB = {
						CreatedOnToolsVersion = 15.0;
					};
				};
			};
			buildConfigurationList = A9818DFB2B5BF175007BA5CB /* Build configuration list for PBXProject "ShotLog" */;
			compatibilityVersion = "Xcode 14.0";
			developmentRegion = en;
			hasScannedForEncodings = 0;
			knownRegions = (
				en,
				Base,
			);
			mainGroup = A9818DF72B5BF175007BA5CB;
			productRefGroup = A9818E012B5BF175007BA5CB /* Products */;
			projectDirPath = "";
			projectRoot = "";
			targets = (
				A9818DFF2B5BF175007BA5CB /* ShotLog */,
			);
		};
/* End PBXProject section */

/* Begin PBXResourcesBuildPhase section */
		A9818DFE2B5BF175007BA5CB /* Resources */ = {
			isa = PBXResourcesBuildPhase;
			buildActionMask = 2147483647;
			files = (
				A9818E0B2B5BF177007BA5CB /* Preview Assets.xcassets in Resources */,
				A9818E082B5BF177007BA5CB /* Assets.xcassets in Resources */,
			);
			runOnlyForDeploymentPostprocessing = 0;
		};
/* End PBXResourcesBuildPhase section */

/* Begin PBXSourcesBuildPhase section */
		A9818DFC2B5BF175007BA5CB /* Sources */ = {
			isa = PBXSourcesBuildPhase;
			buildActionMask = 2147483647;
			files = (
				A99CED1C2B6193C900CD2853 /* Schuss.swift in Sources */,
				A904400A2B5C2FEA0093AE3A /* EditSessionView.swift in Sources */,
				A904400E2B5D14940093AE3A /* AppConstants.swift in Sources */,
				A9818E062B5BF175007BA5CB /* ContentView.swift in Sources */,
				A9818E122B5BF21A007BA5CB /* Session.swift in Sources */,
				A90440122B5D221D0093AE3A /* StatsView.swift in Sources */,
				A99CED1A2B61938200CD2853 /* Serie.swift in Sources */,
				A96F52B22B6D468C0070F65F /* CheckBoxToggleStyle.swift in Sources */,
				A90440172B5D55A90093AE3A /* StatsOverviewView.swift in Sources */,
				A9818E042B5BF175007BA5CB /* ShotLogApp.swift in Sources */,
				A904400C2B5C67DF0093AE3A /* ShotListingView.swift in Sources */,
				A90440102B5D1F1E0093AE3A /* OverviewView.swift in Sources */,
				A96F52AD2B67ED7F0070F65F /* EditSerieView.swift in Sources */,
			);
			runOnlyForDeploymentPostprocessing = 0;
		};
/* End PBXSourcesBuildPhase section */

/* Begin XCBuildConfiguration section */
		A9818E0C2B5BF177007BA5CB /* Debug */ = {
			isa = XCBuildConfiguration;
			buildSettings = {
				ALWAYS_SEARCH_USER_PATHS = NO;
				ASSETCATALOG_COMPILER_GENERATE_SWIFT_ASSET_SYMBOL_EXTENSIONS = YES;
				CLANG_ANALYZER_NONNULL = YES;
				CLANG_ANALYZER_NUMBER_OBJECT_CONVERSION = YES_AGGRESSIVE;
				CLANG_CXX_LANGUAGE_STANDARD = "gnu++20";
				CLANG_ENABLE_MODULES = YES;
				CLANG_ENABLE_OBJC_ARC = YES;
				CLANG_ENABLE_OBJC_WEAK = YES;
				CLANG_WARN_BLOCK_CAPTURE_AUTORELEASING = YES;
				CLANG_WARN_BOOL_CONVERSION = YES;
				CLANG_WARN_COMMA = YES;
				CLANG_WARN_CONSTANT_CONVERSION = YES;
				CLANG_WARN_DEPRECATED_OBJC_IMPLEMENTATIONS = YES;
				CLANG_WARN_DIRECT_OBJC_ISA_USAGE = YES_ERROR;
				CLANG_WARN_DOCUMENTATION_COMMENTS = YES;
				CLANG_WARN_EMPTY_BODY = YES;
				CLANG_WARN_ENUM_CONVERSION = YES;
				CLANG_WARN_INFINITE_RECURSION = YES;
				CLANG_WARN_INT_CONVERSION = YES;
				CLANG_WARN_NON_LITERAL_NULL_CONVERSION = YES;
				CLANG_WARN_OBJC_IMPLICIT_RETAIN_SELF = YES;
				CLANG_WARN_OBJC_LITERAL_CONVERSION = YES;
				CLANG_WARN_OBJC_ROOT_CLASS = YES_ERROR;
				CLANG_WARN_QUOTED_INCLUDE_IN_FRAMEWORK_HEADER = YES;
				CLANG_WARN_RANGE_LOOP_ANALYSIS = YES;
				CLANG_WARN_STRICT_PROTOTYPES = YES;
				CLANG_WARN_SUSPICIOUS_MOVE = YES;
				CLANG_WARN_UNGUARDED_AVAILABILITY = YES_AGGRESSIVE;
				CLANG_WARN_UNREACHABLE_CODE = YES;
				CLANG_WARN__DUPLICATE_METHOD_MATCH = YES;
				COPY_PHASE_STRIP = NO;
				DEBUG_INFORMATION_FORMAT = dwarf;
				ENABLE_STRICT_OBJC_MSGSEND = YES;
				ENABLE_TESTABILITY = YES;
				ENABLE_USER_SCRIPT_SANDBOXING = YES;
				GCC_C_LANGUAGE_STANDARD = gnu17;
				GCC_DYNAMIC_NO_PIC = NO;
				GCC_NO_COMMON_BLOCKS = YES;
				GCC_OPTIMIZATION_LEVEL = 0;
				GCC_PREPROCESSOR_DEFINITIONS = (
					"DEBUG=1",
					"$(inherited)",
				);
				GCC_WARN_64_TO_32_BIT_CONVERSION = YES;
				GCC_WARN_ABOUT_RETURN_TYPE = YES_ERROR;
				GCC_WARN_UNDECLARED_SELECTOR = YES;
				GCC_WARN_UNINITIALIZED_AUTOS = YES_AGGRESSIVE;
				GCC_WARN_UNUSED_FUNCTION = YES;
				GCC_WARN_UNUSED_VARIABLE = YES;
				IPHONEOS_DEPLOYMENT_TARGET = 17.0;
				LOCALIZATION_PREFERS_STRING_CATALOGS = YES;
				MTL_ENABLE_DEBUG_INFO = INCLUDE_SOURCE;
				MTL_FAST_MATH = YES;
				ONLY_ACTIVE_ARCH = YES;
				SDKROOT = iphoneos;
				SWIFT_ACTIVE_COMPILATION_CONDITIONS = "DEBUG $(inherited)";
				SWIFT_OPTIMIZATION_LEVEL = "-Onone";
			};
			name = Debug;
		};
		A9818E0D2B5BF177007BA5CB /* Release */ = {
			isa = XCBuildConfiguration;
			buildSettings = {
				ALWAYS_SEARCH_USER_PATHS = NO;
				ASSETCATALOG_COMPILER_GENERATE_SWIFT_ASSET_SYMBOL_EXTENSIONS = YES;
				CLANG_ANALYZER_NONNULL = YES;
				CLANG_ANALYZER_NUMBER_OBJECT_CONVERSION = YES_AGGRESSIVE;
				CLANG_CXX_LANGUAGE_STANDARD = "gnu++20";
				CLANG_ENABLE_MODULES = YES;
				CLANG_ENABLE_OBJC_ARC = YES;
				CLANG_ENABLE_OBJC_WEAK = YES;
				CLANG_WARN_BLOCK_CAPTURE_AUTORELEASING = YES;
				CLANG_WARN_BOOL_CONVERSION = YES;
				CLANG_WARN_COMMA = YES;
				CLANG_WARN_CONSTANT_CONVERSION = YES;
				CLANG_WARN_DEPRECATED_OBJC_IMPLEMENTATIONS = YES;
				CLANG_WARN_DIRECT_OBJC_ISA_USAGE = YES_ERROR;
				CLANG_WARN_DOCUMENTATION_COMMENTS = YES;
				CLANG_WARN_EMPTY_BODY = YES;
				CLANG_WARN_ENUM_CONVERSION = YES;
				CLANG_WARN_INFINITE_RECURSION = YES;
				CLANG_WARN_INT_CONVERSION = YES;
				CLANG_WARN_NON_LITERAL_NULL_CONVERSION = YES;
				CLANG_WARN_OBJC_IMPLICIT_RETAIN_SELF = YES;
				CLANG_WARN_OBJC_LITERAL_CONVERSION = YES;
				CLANG_WARN_OBJC_ROOT_CLASS = YES_ERROR;
				CLANG_WARN_QUOTED_INCLUDE_IN_FRAMEWORK_HEADER = YES;
				CLANG_WARN_RANGE_LOOP_ANALYSIS = YES;
				CLANG_WARN_STRICT_PROTOTYPES = YES;
				CLANG_WARN_SUSPICIOUS_MOVE = YES;
				CLANG_WARN_UNGUARDED_AVAILABILITY = YES_AGGRESSIVE;
				CLANG_WARN_UNREACHABLE_CODE = YES;
				CLANG_WARN__DUPLICATE_METHOD_MATCH = YES;
				COPY_PHASE_STRIP = NO;
				DEBUG_INFORMATION_FORMAT = "dwarf-with-dsym";
				ENABLE_NS_ASSERTIONS = NO;
				ENABLE_STRICT_OBJC_MSGSEND = YES;
				ENABLE_USER_SCRIPT_SANDBOXING = YES;
				GCC_C_LANGUAGE_STANDARD = gnu17;
				GCC_NO_COMMON_BLOCKS = YES;
				GCC_WARN_64_TO_32_BIT_CONVERSION = YES;
				GCC_WARN_ABOUT_RETURN_TYPE = YES_ERROR;
				GCC_WARN_UNDECLARED_SELECTOR = YES;
				GCC_WARN_UNINITIALIZED_AUTOS = YES_AGGRESSIVE;
				GCC_WARN_UNUSED_FUNCTION = YES;
				GCC_WARN_UNUSED_VARIABLE = YES;
				IPHONEOS_DEPLOYMENT_TARGET = 17.0;
				LOCALIZATION_PREFERS_STRING_CATALOGS = YES;
				MTL_ENABLE_DEBUG_INFO = NO;
				MTL_FAST_MATH = YES;
				SDKROOT = iphoneos;
				SWIFT_COMPILATION_MODE = wholemodule;
				VALIDATE_PRODUCT = YES;
			};
			name = Release;
		};
		A9818E0F2B5BF177007BA5CB /* Debug */ = {
			isa = XCBuildConfiguration;
			buildSettings = {
				ASSETCATALOG_COMPILER_APPICON_NAME = AppIcon;
				ASSETCATALOG_COMPILER_GLOBAL_ACCENT_COLOR_NAME = AccentColor;
				CODE_SIGN_STYLE = Automatic;
				CURRENT_PROJECT_VERSION = 1;
				DEVELOPMENT_ASSET_PATHS = "\"ShotLog/Preview Content\"";
				DEVELOPMENT_TEAM = MYRK6KR7V5;
				ENABLE_PREVIEWS = YES;
				GENERATE_INFOPLIST_FILE = YES;
				INFOPLIST_KEY_UIApplicationSceneManifest_Generation = YES;
				INFOPLIST_KEY_UIApplicationSupportsIndirectInputEvents = YES;
				INFOPLIST_KEY_UILaunchScreen_Generation = YES;
				INFOPLIST_KEY_UISupportedInterfaceOrientations_iPad = "UIInterfaceOrientationPortrait UIInterfaceOrientationPortraitUpsideDown UIInterfaceOrientationLandscapeLeft UIInterfaceOrientationLandscapeRight";
				INFOPLIST_KEY_UISupportedInterfaceOrientations_iPhone = "UIInterfaceOrientationPortrait UIInterfaceOrientationLandscapeLeft UIInterfaceOrientationLandscapeRight";
				LD_RUNPATH_SEARCH_PATHS = (
					"$(inherited)",
					"@executable_path/Frameworks",
				);
				MARKETING_VERSION = 1.0;
				PRODUCT_BUNDLE_IDENTIFIER = "de.fab-kreuzer.ShotLog";
				PRODUCT_NAME = "$(TARGET_NAME)";
				SWIFT_EMIT_LOC_STRINGS = YES;
				SWIFT_VERSION = 5.0;
				TARGETED_DEVICE_FAMILY = "1,2";
			};
			name = Debug;
		};
		A9818E102B5BF177007BA5CB /* Release */ = {
			isa = XCBuildConfiguration;
			buildSettings = {
				ASSETCATALOG_COMPILER_APPICON_NAME = AppIcon;
				ASSETCATALOG_COMPILER_GLOBAL_ACCENT_COLOR_NAME = AccentColor;
				CODE_SIGN_STYLE = Automatic;
				CURRENT_PROJECT_VERSION = 1;
				DEVELOPMENT_ASSET_PATHS = "\"ShotLog/Preview Content\"";
				DEVELOPMENT_TEAM = MYRK6KR7V5;
				ENABLE_PREVIEWS = YES;
				GENERATE_INFOPLIST_FILE = YES;
				INFOPLIST_KEY_UIApplicationSceneManifest_Generation = YES;
				INFOPLIST_KEY_UIApplicationSupportsIndirectInputEvents = YES;
				INFOPLIST_KEY_UILaunchScreen_Generation = YES;
				INFOPLIST_KEY_UISupportedInterfaceOrientations_iPad = "UIInterfaceOrientationPortrait UIInterfaceOrientationPortraitUpsideDown UIInterfaceOrientationLandscapeLeft UIInterfaceOrientationLandscapeRight";
				INFOPLIST_KEY_UISupportedInterfaceOrientations_iPhone = "UIInterfaceOrientationPortrait UIInterfaceOrientationLandscapeLeft UIInterfaceOrientationLandscapeRight";
				LD_RUNPATH_SEARCH_PATHS = (
					"$(inherited)",
					"@executable_path/Frameworks",
				);
				MARKETING_VERSION = 1.0;
				PRODUCT_BUNDLE_IDENTIFIER = "de.fab-kreuzer.ShotLog";
				PRODUCT_NAME = "$(TARGET_NAME)";
				SWIFT_EMIT_LOC_STRINGS = YES;
				SWIFT_VERSION = 5.0;
				TARGETED_DEVICE_FAMILY = "1,2";
			};
			name = Release;
		};
/* End XCBuildConfiguration section */

/* Begin XCConfigurationList section */
		A9818DFB2B5BF175007BA5CB /* Build configuration list for PBXProject "ShotLog" */ = {
			isa = XCConfigurationList;
			buildConfigurations = (
				A9818E0C2B5BF177007BA5CB /* Debug */,
				A9818E0D2B5BF177007BA5CB /* Release */,
			);
			defaultConfigurationIsVisible = 0;
			defaultConfigurationName = Release;
		};
		A9818E0E2B5BF177007BA5CB /* Build configuration list for PBXNativeTarget "ShotLog" */ = {
			isa = XCConfigurationList;
			buildConfigurations = (
				A9818E0F2B5BF177007BA5CB /* Debug */,
				A9818E102B5BF177007BA5CB /* Release */,
			);
			defaultConfigurationIsVisible = 0;
			defaultConfigurationName = Release;
		};
/* End XCConfigurationList section */
	};
	rootObject = A9818DF82B5BF175007BA5CB /* Project object */;
}
